
Microsoft Visual Studio Solution File, Format Version 12.00
# Visual Studio Version 16
VisualStudioVersion = 16.0.34031.81
MinimumVisualStudioVersion = 10.0.40219.1
Project("{FAE04EC0-301F-11D3-BF4B-00C04F79EFBC}") = "KareKupUsAl.csProg", "KareKupUsAl.csProg\KareKupUsAl.csProg.csproj", "{88A3F397-A4A5-4212-B11E-C5FDFD127BD6}"
EndProject
Project("{FAE04EC0-301F-11D3-BF4B-00C04F79EFBC}") = "Plus-Sub", "Plus-Sub\Plus-Sub.csproj", "{D6F8C3C8-CBD4-4010-9B99-97494AF58CEB}"
EndProject
Project("{FAE04EC0-301F-11D3-BF4B-00C04F79EFBC}") = "DegerIndex", "DegerIndex\DegerIndex.csproj", "{27B47254-6F85-4A11-943B-C1FB70F0E91E}"
EndProject
Project("{FAE04EC0-301F-11D3-BF4B-00C04F79EFBC}") = "SpeicalSystems", "SpeicalSystems\SpeicalSystems.csproj", "{DAC93BF4-681E-4DA7-A0EF-DDCA62913295}"
EndProject
Project("{FAE04EC0-301F-11D3-BF4B-00C04F79EFBC}") = "Mainofcalculator", "Mainofcalculator\Mainofcalculator.csproj", "{868DDCD9-81E9-414F-925D-338B69E559F6}"
EndProject
Global
	GlobalSection(SolutionConfigurationPlatforms) = preSolution
		Debug|Any CPU = Debug|Any CPU
		Release|Any CPU = Release|Any CPU
	EndGlobalSection
	GlobalSection(ProjectConfigurationPlatforms) = postSolution
		{88A3F397-A4A5-4212-B11E-C5FDFD127BD6}.Debug|Any CPU.ActiveCfg = Debug|Any CPU
		{88A3F397-A4A5-4212-B11E-C5FDFD127BD6}.Debug|Any CPU.Build.0 = Debug|Any CPU
		{88A3F397-A4A5-4212-B11E-C5FDFD127BD6}.Release|Any CPU.ActiveCfg = Release|Any CPU
		{88A3F397-A4A5-4212-B11E-C5FDFD127BD6}.Release|Any CPU.Build.0 = Release|Any CPU
		{D6F8C3C8-CBD4-4010-9B99-97494AF58CEB}.Debug|Any CPU.ActiveCfg = Debug|Any CPU
		{D6F8C3C8-CBD4-4010-9B99-97494AF58CEB}.Debug|Any CPU.Build.0 = Debug|Any CPU
		{D6F8C3C8-CBD4-4010-9B99-97494AF58CEB}.Release|Any CPU.ActiveCfg = Release|Any CPU
		{D6F8C3C8-CBD4-4010-9B99-97494AF58CEB}.Release|Any CPU.Build.0 = Release|Any CPU
		{27B47254-6F85-4A11-943B-C1FB70F0E91E}.Debug|Any CPU.ActiveCfg = Debug|Any CPU
		{27B47254-6F85-4A11-943B-C1FB70F0E91E}.Debug|Any CPU.Build.0 = Debug|Any CPU
		{27B47254-6F85-4A11-943B-C1FB70F0E91E}.Release|Any CPU.ActiveCfg = Release|Any CPU
		{27B47254-6F85-4A11-943B-C1FB70F0E91E}.Release|Any CPU.Build.0 = Release|Any CPU
		{DAC93BF4-681E-4DA7-A0EF-DDCA62913295}.Debug|Any CPU.ActiveCfg = Debug|Any CPU
		{DAC93BF4-681E-4DA7-A0EF-DDCA62913295}.Debug|Any CPU.Build.0 = Debug|Any CPU
		{DAC93BF4-681E-4DA7-A0EF-DDCA62913295}.Release|Any CPU.ActiveCfg = Release|Any CPU
		{DAC93BF4-681E-4DA7-A0EF-DDCA62913295}.Release|Any CPU.Build.0 = Release|Any CPU
		{868DDCD9-81E9-414F-925D-338B69E559F6}.Debug|Any CPU.ActiveCfg = Debug|Any CPU
		{868DDCD9-81E9-414F-925D-338B69E559F6}.Debug|Any CPU.Build.0 = Debug|Any CPU
		{868DDCD9-81E9-414F-925D-338B69E559F6}.Release|Any CPU.ActiveCfg = Release|Any CPU
		{868DDCD9-81E9-414F-925D-338B69E559F6}.Release|Any CPU.Build.0 = Release|Any CPU
	EndGlobalSection
	GlobalSection(SolutionProperties) = preSolution
		HideSolutionNode = FALSE
	EndGlobalSection
	GlobalSection(ExtensibilityGlobals) = postSolution
		SolutionGuid = {7A086426-121E-4D24-9B19-C06BDED973F0}
	EndGlobalSection
EndGlobal
